
Microsoft Visual Studio Solution File, Format Version 12.00
# Visual Studio 14
VisualStudioVersion = 14.0.23107.0
MinimumVisualStudioVersion = 10.0.40219.1
Project("{FAE04EC0-301F-11D3-BF4B-00C04F79EFBC}") = "CustomerBehaviourAnalyser", "CustomerBehaviourAnalyser\CustomerBehaviourAnalyser.csproj", "{9243A032-67F3-4217-817D-E4C9C36CFD1F}"
EndProject
Project("{FAE04EC0-301F-11D3-BF4B-00C04F79EFBC}") = "UnitTests", "UnitTests\UnitTests.csproj", "{E6DE523B-BCF8-4562-8C2E-AA13C4DA52D5}"
EndProject
Global
	GlobalSection(SolutionConfigurationPlatforms) = preSolution
		Debug|Any CPU = Debug|Any CPU
		Release|Any CPU = Release|Any CPU
	EndGlobalSection
	GlobalSection(ProjectConfigurationPlatforms) = postSolution
		{9243A032-67F3-4217-817D-E4C9C36CFD1F}.Debug|Any CPU.ActiveCfg = Debug|Any CPU
		{9243A032-67F3-4217-817D-E4C9C36CFD1F}.Debug|Any CPU.Build.0 = Debug|Any CPU
		{9243A032-67F3-4217-817D-E4C9C36CFD1F}.Release|Any CPU.ActiveCfg = Release|Any CPU
		{9243A032-67F3-4217-817D-E4C9C36CFD1F}.Release|Any CPU.Build.0 = Release|Any CPU
		{E6DE523B-BCF8-4562-8C2E-AA13C4DA52D5}.Debug|Any CPU.ActiveCfg = Debug|Any CPU
		{E6DE523B-BCF8-4562-8C2E-AA13C4DA52D5}.Debug|Any CPU.Build.0 = Debug|Any CPU
		{E6DE523B-BCF8-4562-8C2E-AA13C4DA52D5}.Release|Any CPU.ActiveCfg = Release|Any CPU
		{E6DE523B-BCF8-4562-8C2E-AA13C4DA52D5}.Release|Any CPU.Build.0 = Release|Any CPU
	EndGlobalSection
	GlobalSection(SolutionProperties) = preSolution
		HideSolutionNode = FALSE
	EndGlobalSection
EndGlobal
